
Microsoft Visual Studio Solution File, Format Version 12.00
# Visual Studio 15
VisualStudioVersion = 15.0.28307.1082
MinimumVisualStudioVersion = 10.0.40219.1
Project("{FAE04EC0-301F-11D3-BF4B-00C04F79EFBC}") = "Arrays.cs", "Arrays.cs\Arrays.cs.csproj", "{29275C43-DDE6-4B54-9936-02D20A91CEDD}"
EndProject
Global
	GlobalSection(SolutionConfigurationPlatforms) = preSolution
		Debug|Any CPU = Debug|Any CPU
		Release|Any CPU = Release|Any CPU
	EndGlobalSection
	GlobalSection(ProjectConfigurationPlatforms) = postSolution
		{29275C43-DDE6-4B54-9936-02D20A91CEDD}.Debug|Any CPU.ActiveCfg = Debug|Any CPU
		{29275C43-DDE6-4B54-9936-02D20A91CEDD}.Debug|Any CPU.Build.0 = Debug|Any CPU
		{29275C43-DDE6-4B54-9936-02D20A91CEDD}.Release|Any CPU.ActiveCfg = Release|Any CPU
		{29275C43-DDE6-4B54-9936-02D20A91CEDD}.Release|Any CPU.Build.0 = Release|Any CPU
	EndGlobalSection
	GlobalSection(SolutionProperties) = preSolution
		HideSolutionNode = FALSE
	EndGlobalSection
	GlobalSection(ExtensibilityGlobals) = postSolution
		SolutionGuid = {675BDD33-04FD-4ECC-8D12-CD6047B528A4}
	EndGlobalSection
EndGlobal
